// !$*UTF8*$!
{
	archiveVersion = 1;
	classes = {
	};
	objectVersion = 46;
	objects = {

/* Begin PBXBuildFile section */
		1B6F909E1C09AB3ED3FB090F /* Pods_calvi_tableUITests.framework in Frameworks */ = {isa = PBXBuildFile; fileRef = D39B57FEB7F83D2075911144 /* Pods_calvi_tableUITests.framework */; };
		270A36401FB35D8A00F5026A /* UITextViewPlaceholder.swift in Sources */ = {isa = PBXBuildFile; fileRef = 270A363F1FB35D8A00F5026A /* UITextViewPlaceholder.swift */; };
		270C74A12194C80000866CD0 /* Extensions+UIView.swift in Sources */ = {isa = PBXBuildFile; fileRef = 270C74A02194C80000866CD0 /* Extensions+UIView.swift */; };
		270C74A521961AD900866CD0 /* SearchesController.swift in Sources */ = {isa = PBXBuildFile; fileRef = 270C74A421961AD900866CD0 /* SearchesController.swift */; };
		270D655521D013A00076E846 /* FollowSearchViewController.swift in Sources */ = {isa = PBXBuildFile; fileRef = 270D655421D013A00076E846 /* FollowSearchViewController.swift */; };
		270EE7D521B834BB00B48D22 /* _preparation.swift in Sources */ = {isa = PBXBuildFile; fileRef = 270EE7D421B834BB00B48D22 /* _preparation.swift */; };
		2711D3952177BA9F00A4416D /* UITableView+setEmptyMessage.swift in Sources */ = {isa = PBXBuildFile; fileRef = 2711D3942177BA9F00A4416D /* UITableView+setEmptyMessage.swift */; };
		2711D3972177BE2900A4416D /* DataProtectionViewController.swift in Sources */ = {isa = PBXBuildFile; fileRef = 2711D3962177BE2900A4416D /* DataProtectionViewController.swift */; };
		2714E4FE21595531006A576B /* AppColors.swift in Sources */ = {isa = PBXBuildFile; fileRef = 2714E4FD21595531006A576B /* AppColors.swift */; };
		2714E500215974DA006A576B /* RoundImageView.swift in Sources */ = {isa = PBXBuildFile; fileRef = 2714E4FF215974DA006A576B /* RoundImageView.swift */; };
		2714E502215ABFB8006A576B /* HomeViewController.swift in Sources */ = {isa = PBXBuildFile; fileRef = 2714E501215ABFB8006A576B /* HomeViewController.swift */; };
		2714E504215AD06E006A576B /* ImpressumViewController.swift in Sources */ = {isa = PBXBuildFile; fileRef = 2714E503215AD06E006A576B /* ImpressumViewController.swift */; };
		271DF0B61FA34D4B0048580D /* Urls.swift in Sources */ = {isa = PBXBuildFile; fileRef = 271DF0B51FA34D4B0048580D /* Urls.swift */; };
		2727CA71211C48DC0075985D /* ArticlePresenter.swift in Sources */ = {isa = PBXBuildFile; fileRef = 2727CA70211C48DC0075985D /* ArticlePresenter.swift */; };
		27332D0C212DFB78009C22C0 /* DeviceHelper.swift in Sources */ = {isa = PBXBuildFile; fileRef = 27332D0B212DFB78009C22C0 /* DeviceHelper.swift */; };
		273E6E111F671F0D0036A445 /* LoginController.swift in Sources */ = {isa = PBXBuildFile; fileRef = 273E6E101F671F0D0036A445 /* LoginController.swift */; };
		27454F5F1F824F1B008AA35A /* NewAdViewController.swift in Sources */ = {isa = PBXBuildFile; fileRef = 27454F5D1F824F1B008AA35A /* NewAdViewController.swift */; };
		2748C4B51F744A620009CDCB /* MessageOverview.swift in Sources */ = {isa = PBXBuildFile; fileRef = 2748C4B41F744A620009CDCB /* MessageOverview.swift */; };
		2748C4BA1F7455C00009CDCB /* MessageCell.swift in Sources */ = {isa = PBXBuildFile; fileRef = 2748C4B91F7455C00009CDCB /* MessageCell.swift */; };
		274DA6501F8FDE2B001DD34F /* Utils.swift in Sources */ = {isa = PBXBuildFile; fileRef = 274DA64F1F8FDE2B001DD34F /* Utils.swift */; };
		2770EEA021A56E8E0023667A /* Searches.swift in Sources */ = {isa = PBXBuildFile; fileRef = 2770EE9F21A56E8E0023667A /* Searches.swift */; };
		2770EEA221A570410023667A /* SearchCell.swift in Sources */ = {isa = PBXBuildFile; fileRef = 2770EEA121A570410023667A /* SearchCell.swift */; };
		27930C5C20DCF26F006BC154 /* Localizable.strings in Resources */ = {isa = PBXBuildFile; fileRef = 27930C5A20DCF26F006BC154 /* Localizable.strings */; };
		279F0C771F7943BA004E2525 /* ChatViewController.swift in Sources */ = {isa = PBXBuildFile; fileRef = 279F0C761F7943BA004E2525 /* ChatViewController.swift */; };
		279F0C791F7D2F1D004E2525 /* Message.swift in Sources */ = {isa = PBXBuildFile; fileRef = 279F0C781F7D2F1D004E2525 /* Message.swift */; };
		27CE4F9A1F446E6500FD4166 /* AppDelegate.swift in Sources */ = {isa = PBXBuildFile; fileRef = 27CE4F991F446E6500FD4166 /* AppDelegate.swift */; };
		27CE4F9C1F446E6500FD4166 /* ViewController.swift in Sources */ = {isa = PBXBuildFile; fileRef = 27CE4F9B1F446E6500FD4166 /* ViewController.swift */; };
		27CE4F9F1F446E6500FD4166 /* Main.storyboard in Resources */ = {isa = PBXBuildFile; fileRef = 27CE4F9D1F446E6500FD4166 /* Main.storyboard */; };
		27CE4FA11F446E6500FD4166 /* Assets.xcassets in Resources */ = {isa = PBXBuildFile; fileRef = 27CE4FA01F446E6500FD4166 /* Assets.xcassets */; };
		27CE4FA41F446E6500FD4166 /* LaunchScreen.storyboard in Resources */ = {isa = PBXBuildFile; fileRef = 27CE4FA21F446E6500FD4166 /* LaunchScreen.storyboard */; };
		27CE4FAF1F446E6500FD4166 /* calvi_tableTests.swift in Sources */ = {isa = PBXBuildFile; fileRef = 27CE4FAE1F446E6500FD4166 /* calvi_tableTests.swift */; };
		27CE4FBA1F446E6500FD4166 /* calvi_tableUITests.swift in Sources */ = {isa = PBXBuildFile; fileRef = 27CE4FB91F446E6500FD4166 /* calvi_tableUITests.swift */; };
		27EF133D20E139B500ADE593 /* Coordinate.swift in Sources */ = {isa = PBXBuildFile; fileRef = 27EF133C20E139B500ADE593 /* Coordinate.swift */; };
		27F5C3671F73F44D002B8AB8 /* MessageController.swift in Sources */ = {isa = PBXBuildFile; fileRef = 27F5C3661F73F44D002B8AB8 /* MessageController.swift */; };
		27FE13121F46FC5E0073C0E9 /* AdCell.swift in Sources */ = {isa = PBXBuildFile; fileRef = 27FE13111F46FC5E0073C0E9 /* AdCell.swift */; };
		27FE13141F46FF110073C0E9 /* Ad.swift in Sources */ = {isa = PBXBuildFile; fileRef = 27FE13131F46FF110073C0E9 /* Ad.swift */; };
		27FE13161F47122F0073C0E9 /* DetailViewController.swift in Sources */ = {isa = PBXBuildFile; fileRef = 27FE13151F47122F0073C0E9 /* DetailViewController.swift */; };
		27FF9BD5201B33CE00D50983 /* Constants.swift in Sources */ = {isa = PBXBuildFile; fileRef = 27FF9BD4201B33CE00D50983 /* Constants.swift */; };
		6C1D9519224C161D001F6729 /* GoogleService-Info.plist in Resources */ = {isa = PBXBuildFile; fileRef = 6C1D9518224C161C001F6729 /* GoogleService-Info.plist */; };
		8BBB85558D1230D30499CCBC /* Pods_calvi_tableTests.framework in Frameworks */ = {isa = PBXBuildFile; fileRef = F38DFB229812779747E3F2D4 /* Pods_calvi_tableTests.framework */; };
		97AB786E9E0A70ABAA1541EE /* Pods_calvi_table.framework in Frameworks */ = {isa = PBXBuildFile; fileRef = 434FA8A1437E6B6EF6D72651 /* Pods_calvi_table.framework */; };
/* End PBXBuildFile section */

/* Begin PBXContainerItemProxy section */
		27CE4FAB1F446E6500FD4166 /* PBXContainerItemProxy */ = {
			isa = PBXContainerItemProxy;
			containerPortal = 27CE4F8E1F446E6500FD4166 /* Project object */;
			proxyType = 1;
			remoteGlobalIDString = 27CE4F951F446E6500FD4166;
			remoteInfo = calvi_table;
		};
		27CE4FB61F446E6500FD4166 /* PBXContainerItemProxy */ = {
			isa = PBXContainerItemProxy;
			containerPortal = 27CE4F8E1F446E6500FD4166 /* Project object */;
			proxyType = 1;
			remoteGlobalIDString = 27CE4F951F446E6500FD4166;
			remoteInfo = calvi_table;
		};
/* End PBXContainerItemProxy section */

/* Begin PBXFileReference section */
		03F17A5A5365775649D8ED82 /* Pods-calvi_tableTests.release.xcconfig */ = {isa = PBXFileReference; includeInIndex = 1; lastKnownFileType = text.xcconfig; name = "Pods-calvi_tableTests.release.xcconfig"; path = "Pods/Target Support Files/Pods-calvi_tableTests/Pods-calvi_tableTests.release.xcconfig"; sourceTree = "<group>"; };
		0CEAA6F01D92BFA6DC84E21B /* Pods-calvi_tableUITests.debug.xcconfig */ = {isa = PBXFileReference; includeInIndex = 1; lastKnownFileType = text.xcconfig; name = "Pods-calvi_tableUITests.debug.xcconfig"; path = "Pods/Target Support Files/Pods-calvi_tableUITests/Pods-calvi_tableUITests.debug.xcconfig"; sourceTree = "<group>"; };
		2705B6C720B36440004B36E9 /* en */ = {isa = PBXFileReference; lastKnownFileType = text.plist.strings; name = en; path = en.lproj/Main.strings; sourceTree = "<group>"; };
		2705B6C820B36550004B36E9 /* de */ = {isa = PBXFileReference; lastKnownFileType = text.plist.strings; name = de; path = de.lproj/Main.strings; sourceTree = "<group>"; };
		2705B6C920B36551004B36E9 /* de */ = {isa = PBXFileReference; lastKnownFileType = text.plist.strings; name = de; path = de.lproj/LaunchScreen.strings; sourceTree = "<group>"; };
		270A363F1FB35D8A00F5026A /* UITextViewPlaceholder.swift */ = {isa = PBXFileReference; fileEncoding = 4; lastKnownFileType = sourcecode.swift; path = UITextViewPlaceholder.swift; sourceTree = "<group>"; };
		270C74A02194C80000866CD0 /* Extensions+UIView.swift */ = {isa = PBXFileReference; fileEncoding = 4; lastKnownFileType = sourcecode.swift; path = "Extensions+UIView.swift"; sourceTree = "<group>"; };
		270C74A421961AD900866CD0 /* SearchesController.swift */ = {isa = PBXFileReference; lastKnownFileType = sourcecode.swift; path = SearchesController.swift; sourceTree = "<group>"; };
		270D655421D013A00076E846 /* FollowSearchViewController.swift */ = {isa = PBXFileReference; lastKnownFileType = sourcecode.swift; path = FollowSearchViewController.swift; sourceTree = "<group>"; };
		270EE7D421B834BB00B48D22 /* _preparation.swift */ = {isa = PBXFileReference; lastKnownFileType = sourcecode.swift; path = _preparation.swift; sourceTree = "<group>"; };
		2711D3942177BA9F00A4416D /* UITableView+setEmptyMessage.swift */ = {isa = PBXFileReference; lastKnownFileType = sourcecode.swift; path = "UITableView+setEmptyMessage.swift"; sourceTree = "<group>"; };
		2711D3962177BE2900A4416D /* DataProtectionViewController.swift */ = {isa = PBXFileReference; lastKnownFileType = sourcecode.swift; path = DataProtectionViewController.swift; sourceTree = "<group>"; };
		2714E4FD21595531006A576B /* AppColors.swift */ = {isa = PBXFileReference; lastKnownFileType = sourcecode.swift; path = AppColors.swift; sourceTree = "<group>"; };
		2714E4FF215974DA006A576B /* RoundImageView.swift */ = {isa = PBXFileReference; lastKnownFileType = sourcecode.swift; path = RoundImageView.swift; sourceTree = "<group>"; };
		2714E501215ABFB8006A576B /* HomeViewController.swift */ = {isa = PBXFileReference; lastKnownFileType = sourcecode.swift; path = HomeViewController.swift; sourceTree = "<group>"; };
		2714E503215AD06E006A576B /* ImpressumViewController.swift */ = {isa = PBXFileReference; lastKnownFileType = sourcecode.swift; path = ImpressumViewController.swift; sourceTree = "<group>"; };
		271DF0B51FA34D4B0048580D /* Urls.swift */ = {isa = PBXFileReference; fileEncoding = 4; lastKnownFileType = sourcecode.swift; path = Urls.swift; sourceTree = "<group>"; };
		2727CA70211C48DC0075985D /* ArticlePresenter.swift */ = {isa = PBXFileReference; lastKnownFileType = sourcecode.swift; path = ArticlePresenter.swift; sourceTree = "<group>"; };
		27332D0B212DFB78009C22C0 /* DeviceHelper.swift */ = {isa = PBXFileReference; lastKnownFileType = sourcecode.swift; path = DeviceHelper.swift; sourceTree = "<group>"; };
		273E6E101F671F0D0036A445 /* LoginController.swift */ = {isa = PBXFileReference; fileEncoding = 4; lastKnownFileType = sourcecode.swift; path = LoginController.swift; sourceTree = "<group>"; wrapsLines = 1; };
		27454F5D1F824F1B008AA35A /* NewAdViewController.swift */ = {isa = PBXFileReference; fileEncoding = 4; lastKnownFileType = sourcecode.swift; path = NewAdViewController.swift; sourceTree = "<group>"; };
		2748C4B41F744A620009CDCB /* MessageOverview.swift */ = {isa = PBXFileReference; fileEncoding = 4; lastKnownFileType = sourcecode.swift; path = MessageOverview.swift; sourceTree = "<group>"; };
		2748C4B91F7455C00009CDCB /* MessageCell.swift */ = {isa = PBXFileReference; fileEncoding = 4; lastKnownFileType = sourcecode.swift; path = MessageCell.swift; sourceTree = "<group>"; };
		274DA64F1F8FDE2B001DD34F /* Utils.swift */ = {isa = PBXFileReference; fileEncoding = 4; lastKnownFileType = sourcecode.swift; path = Utils.swift; sourceTree = "<group>"; };
		2770EE9F21A56E8E0023667A /* Searches.swift */ = {isa = PBXFileReference; lastKnownFileType = sourcecode.swift; path = Searches.swift; sourceTree = "<group>"; };
		2770EEA121A570410023667A /* SearchCell.swift */ = {isa = PBXFileReference; lastKnownFileType = sourcecode.swift; path = SearchCell.swift; sourceTree = "<group>"; };
		27930C5B20DCF26F006BC154 /* en */ = {isa = PBXFileReference; lastKnownFileType = text.plist.strings; name = en; path = en.lproj/Localizable.strings; sourceTree = "<group>"; };
		27930C5D20DCFDDF006BC154 /* de-DE */ = {isa = PBXFileReference; lastKnownFileType = text.plist.strings; name = "de-DE"; path = "de-DE.lproj/Main.strings"; sourceTree = "<group>"; };
		27930C5E20DCFDE1006BC154 /* de-DE */ = {isa = PBXFileReference; lastKnownFileType = text.plist.strings; name = "de-DE"; path = "de-DE.lproj/LaunchScreen.strings"; sourceTree = "<group>"; };
		27930C5F20DCFDE3006BC154 /* de-DE */ = {isa = PBXFileReference; lastKnownFileType = text.plist.strings; name = "de-DE"; path = "de-DE.lproj/Localizable.strings"; sourceTree = "<group>"; };
		279F0C761F7943BA004E2525 /* ChatViewController.swift */ = {isa = PBXFileReference; fileEncoding = 4; lastKnownFileType = sourcecode.swift; path = ChatViewController.swift; sourceTree = "<group>"; };
		279F0C781F7D2F1D004E2525 /* Message.swift */ = {isa = PBXFileReference; fileEncoding = 4; lastKnownFileType = sourcecode.swift; path = Message.swift; sourceTree = "<group>"; };
		27CE4F961F446E6500FD4166 /* calvi_table.app */ = {isa = PBXFileReference; explicitFileType = wrapper.application; includeInIndex = 0; path = calvi_table.app; sourceTree = BUILT_PRODUCTS_DIR; };
		27CE4F991F446E6500FD4166 /* AppDelegate.swift */ = {isa = PBXFileReference; lastKnownFileType = sourcecode.swift; path = AppDelegate.swift; sourceTree = "<group>"; };
		27CE4F9B1F446E6500FD4166 /* ViewController.swift */ = {isa = PBXFileReference; lastKnownFileType = sourcecode.swift; path = ViewController.swift; sourceTree = "<group>"; };
		27CE4F9E1F446E6500FD4166 /* Base */ = {isa = PBXFileReference; lastKnownFileType = file.storyboard; name = Base; path = Base.lproj/Main.storyboard; sourceTree = "<group>"; };
		27CE4FA01F446E6500FD4166 /* Assets.xcassets */ = {isa = PBXFileReference; lastKnownFileType = folder.assetcatalog; path = Assets.xcassets; sourceTree = "<group>"; };
		27CE4FA31F446E6500FD4166 /* Base */ = {isa = PBXFileReference; lastKnownFileType = file.storyboard; name = Base; path = Base.lproj/LaunchScreen.storyboard; sourceTree = "<group>"; };
		27CE4FA51F446E6500FD4166 /* Info.plist */ = {isa = PBXFileReference; lastKnownFileType = text.plist.xml; path = Info.plist; sourceTree = "<group>"; };
		27CE4FAA1F446E6500FD4166 /* calvi_tableTests.xctest */ = {isa = PBXFileReference; explicitFileType = wrapper.cfbundle; includeInIndex = 0; path = calvi_tableTests.xctest; sourceTree = BUILT_PRODUCTS_DIR; };
		27CE4FAE1F446E6500FD4166 /* calvi_tableTests.swift */ = {isa = PBXFileReference; lastKnownFileType = sourcecode.swift; path = calvi_tableTests.swift; sourceTree = "<group>"; };
		27CE4FB01F446E6500FD4166 /* Info.plist */ = {isa = PBXFileReference; lastKnownFileType = text.plist.xml; path = Info.plist; sourceTree = "<group>"; };
		27CE4FB51F446E6500FD4166 /* calvi_tableUITests.xctest */ = {isa = PBXFileReference; explicitFileType = wrapper.cfbundle; includeInIndex = 0; path = calvi_tableUITests.xctest; sourceTree = BUILT_PRODUCTS_DIR; };
		27CE4FB91F446E6500FD4166 /* calvi_tableUITests.swift */ = {isa = PBXFileReference; lastKnownFileType = sourcecode.swift; path = calvi_tableUITests.swift; sourceTree = "<group>"; };
		27CE4FBB1F446E6500FD4166 /* Info.plist */ = {isa = PBXFileReference; lastKnownFileType = text.plist.xml; path = Info.plist; sourceTree = "<group>"; };
		27EF133C20E139B500ADE593 /* Coordinate.swift */ = {isa = PBXFileReference; lastKnownFileType = sourcecode.swift; path = Coordinate.swift; sourceTree = "<group>"; };
		27F5C3661F73F44D002B8AB8 /* MessageController.swift */ = {isa = PBXFileReference; fileEncoding = 4; lastKnownFileType = sourcecode.swift; path = MessageController.swift; sourceTree = "<group>"; };
		27FE13111F46FC5E0073C0E9 /* AdCell.swift */ = {isa = PBXFileReference; fileEncoding = 4; lastKnownFileType = sourcecode.swift; path = AdCell.swift; sourceTree = "<group>"; };
		27FE13131F46FF110073C0E9 /* Ad.swift */ = {isa = PBXFileReference; fileEncoding = 4; lastKnownFileType = sourcecode.swift; path = Ad.swift; sourceTree = "<group>"; };
		27FE13151F47122F0073C0E9 /* DetailViewController.swift */ = {isa = PBXFileReference; fileEncoding = 4; lastKnownFileType = sourcecode.swift; path = DetailViewController.swift; sourceTree = "<group>"; };
		27FE13581F6417200073C0E9 /* calvi_table-Bridging-Header.h */ = {isa = PBXFileReference; lastKnownFileType = sourcecode.c.h; path = "calvi_table-Bridging-Header.h"; sourceTree = "<group>"; };
		27FF9BD4201B33CE00D50983 /* Constants.swift */ = {isa = PBXFileReference; fileEncoding = 4; lastKnownFileType = sourcecode.swift; path = Constants.swift; sourceTree = "<group>"; };
		313A9D50F2589ACF3DEC092B /* Pods-calvi_table.release.xcconfig */ = {isa = PBXFileReference; includeInIndex = 1; lastKnownFileType = text.xcconfig; name = "Pods-calvi_table.release.xcconfig"; path = "Pods/Target Support Files/Pods-calvi_table/Pods-calvi_table.release.xcconfig"; sourceTree = "<group>"; };
		434FA8A1437E6B6EF6D72651 /* Pods_calvi_table.framework */ = {isa = PBXFileReference; explicitFileType = wrapper.framework; includeInIndex = 0; path = Pods_calvi_table.framework; sourceTree = BUILT_PRODUCTS_DIR; };
		6C1D9518224C161C001F6729 /* GoogleService-Info.plist */ = {isa = PBXFileReference; fileEncoding = 4; lastKnownFileType = text.plist.xml; path = "GoogleService-Info.plist"; sourceTree = "<group>"; };
		6C1D951A224C167C001F6729 /* calvi_table.entitlements */ = {isa = PBXFileReference; lastKnownFileType = text.plist.entitlements; path = calvi_table.entitlements; sourceTree = "<group>"; };
		7283B824E944A7A2DFBBD015 /* Pods-calvi_tableTests.debug.xcconfig */ = {isa = PBXFileReference; includeInIndex = 1; lastKnownFileType = text.xcconfig; name = "Pods-calvi_tableTests.debug.xcconfig"; path = "Pods/Target Support Files/Pods-calvi_tableTests/Pods-calvi_tableTests.debug.xcconfig"; sourceTree = "<group>"; };
		7856BDD158E642FCE145A1FC /* Pods-calvi_tableUITests.release.xcconfig */ = {isa = PBXFileReference; includeInIndex = 1; lastKnownFileType = text.xcconfig; name = "Pods-calvi_tableUITests.release.xcconfig"; path = "Pods/Target Support Files/Pods-calvi_tableUITests/Pods-calvi_tableUITests.release.xcconfig"; sourceTree = "<group>"; };
		B4D145397F86DC42279EAE8D /* Pods-calvi_table.debug.xcconfig */ = {isa = PBXFileReference; includeInIndex = 1; lastKnownFileType = text.xcconfig; name = "Pods-calvi_table.debug.xcconfig"; path = "Pods/Target Support Files/Pods-calvi_table/Pods-calvi_table.debug.xcconfig"; sourceTree = "<group>"; };
		D39B57FEB7F83D2075911144 /* Pods_calvi_tableUITests.framework */ = {isa = PBXFileReference; explicitFileType = wrapper.framework; includeInIndex = 0; path = Pods_calvi_tableUITests.framework; sourceTree = BUILT_PRODUCTS_DIR; };
		F38DFB229812779747E3F2D4 /* Pods_calvi_tableTests.framework */ = {isa = PBXFileReference; explicitFileType = wrapper.framework; includeInIndex = 0; path = Pods_calvi_tableTests.framework; sourceTree = BUILT_PRODUCTS_DIR; };
/* End PBXFileReference section */

/* Begin PBXFrameworksBuildPhase section */
		27CE4F931F446E6500FD4166 /* Frameworks */ = {
			isa = PBXFrameworksBuildPhase;
			buildActionMask = 2147483647;
			files = (
				97AB786E9E0A70ABAA1541EE /* Pods_calvi_table.framework in Frameworks */,
			);
			runOnlyForDeploymentPostprocessing = 0;
		};
		27CE4FA71F446E6500FD4166 /* Frameworks */ = {
			isa = PBXFrameworksBuildPhase;
			buildActionMask = 2147483647;
			files = (
				8BBB85558D1230D30499CCBC /* Pods_calvi_tableTests.framework in Frameworks */,
			);
			runOnlyForDeploymentPostprocessing = 0;
		};
		27CE4FB21F446E6500FD4166 /* Frameworks */ = {
			isa = PBXFrameworksBuildPhase;
			buildActionMask = 2147483647;
			files = (
				1B6F909E1C09AB3ED3FB090F /* Pods_calvi_tableUITests.framework in Frameworks */,
			);
			runOnlyForDeploymentPostprocessing = 0;
		};
/* End PBXFrameworksBuildPhase section */

/* Begin PBXGroup section */
		2711D3932177BA6300A4416D /* extentions */ = {
			isa = PBXGroup;
			children = (
				270C74A02194C80000866CD0 /* Extensions+UIView.swift */,
				2711D3942177BA9F00A4416D /* UITableView+setEmptyMessage.swift */,
			);
			name = extentions;
			sourceTree = "<group>";
		};
		2727CA6F211C45770075985D /* presenter */ = {
			isa = PBXGroup;
			children = (
				2727CA70211C48DC0075985D /* ArticlePresenter.swift */,
			);
			name = presenter;
			sourceTree = "<group>";
		};
		2748C4B11F74494F0009CDCB /* controller */ = {
			isa = PBXGroup;
			children = (
				27CE4F9B1F446E6500FD4166 /* ViewController.swift */,
				27F5C3661F73F44D002B8AB8 /* MessageController.swift */,
				2714E4FD21595531006A576B /* AppColors.swift */,
				273E6E101F671F0D0036A445 /* LoginController.swift */,
				27FE13151F47122F0073C0E9 /* DetailViewController.swift */,
				279F0C761F7943BA004E2525 /* ChatViewController.swift */,
				27454F5D1F824F1B008AA35A /* NewAdViewController.swift */,
				27930C5A20DCF26F006BC154 /* Localizable.strings */,
				2714E501215ABFB8006A576B /* HomeViewController.swift */,
				2714E503215AD06E006A576B /* ImpressumViewController.swift */,
				2711D3962177BE2900A4416D /* DataProtectionViewController.swift */,
				270C74A421961AD900866CD0 /* SearchesController.swift */,
				270EE7D421B834BB00B48D22 /* _preparation.swift */,
				270D655421D013A00076E846 /* FollowSearchViewController.swift */,
			);
			name = controller;
			sourceTree = "<group>";
		};
		2748C4B31F74498E0009CDCB /* model */ = {
			isa = PBXGroup;
			children = (
				27FE13131F46FF110073C0E9 /* Ad.swift */,
				2748C4B41F744A620009CDCB /* MessageOverview.swift */,
				279F0C781F7D2F1D004E2525 /* Message.swift */,
				27EF133C20E139B500ADE593 /* Coordinate.swift */,
				2770EE9F21A56E8E0023667A /* Searches.swift */,
			);
			name = model;
			sourceTree = "<group>";
		};
		2748C4B61F7453CC0009CDCB /* cell */ = {
			isa = PBXGroup;
			children = (
				27FE13111F46FC5E0073C0E9 /* AdCell.swift */,
				2748C4B91F7455C00009CDCB /* MessageCell.swift */,
				2770EEA121A570410023667A /* SearchCell.swift */,
			);
			name = cell;
			sourceTree = "<group>";
		};
		274DA64C1F8FDCBB001DD34F /* utils */ = {
			isa = PBXGroup;
			children = (
				274DA64F1F8FDE2B001DD34F /* Utils.swift */,
				271DF0B51FA34D4B0048580D /* Urls.swift */,
				270A363F1FB35D8A00F5026A /* UITextViewPlaceholder.swift */,
				27FF9BD4201B33CE00D50983 /* Constants.swift */,
				27332D0B212DFB78009C22C0 /* DeviceHelper.swift */,
				2714E4FF215974DA006A576B /* RoundImageView.swift */,
			);
			name = utils;
			sourceTree = "<group>";
		};
		27CE4F8D1F446E6500FD4166 = {
			isa = PBXGroup;
			children = (
				27CE4F981F446E6500FD4166 /* calvi_table */,
				27CE4FAD1F446E6500FD4166 /* calvi_tableTests */,
				27CE4FB81F446E6500FD4166 /* calvi_tableUITests */,
				27CE4F971F446E6500FD4166 /* Products */,
				FC235A5C4BB21180C6E1AC70 /* Frameworks */,
				D69927940FE6F92210467F96 /* Pods */,
			);
			sourceTree = "<group>";
		};
		27CE4F971F446E6500FD4166 /* Products */ = {
			isa = PBXGroup;
			children = (
				27CE4F961F446E6500FD4166 /* calvi_table.app */,
				27CE4FAA1F446E6500FD4166 /* calvi_tableTests.xctest */,
				27CE4FB51F446E6500FD4166 /* calvi_tableUITests.xctest */,
			);
			name = Products;
			sourceTree = "<group>";
		};
		27CE4F981F446E6500FD4166 /* calvi_table */ = {
			isa = PBXGroup;
			children = (
				6C1D951A224C167C001F6729 /* calvi_table.entitlements */,
				2711D3932177BA6300A4416D /* extentions */,
				2727CA6F211C45770075985D /* presenter */,
				274DA64C1F8FDCBB001DD34F /* utils */,
				2748C4B61F7453CC0009CDCB /* cell */,
				2748C4B31F74498E0009CDCB /* model */,
				2748C4B11F74494F0009CDCB /* controller */,
				27CE4F991F446E6500FD4166 /* AppDelegate.swift */,
				6C1D9518224C161C001F6729 /* GoogleService-Info.plist */,
				27CE4F9D1F446E6500FD4166 /* Main.storyboard */,
				27CE4FA01F446E6500FD4166 /* Assets.xcassets */,
				27CE4FA21F446E6500FD4166 /* LaunchScreen.storyboard */,
				27CE4FA51F446E6500FD4166 /* Info.plist */,
				27FE13581F6417200073C0E9 /* calvi_table-Bridging-Header.h */,
			);
			path = calvi_table;
			sourceTree = "<group>";
		};
		27CE4FAD1F446E6500FD4166 /* calvi_tableTests */ = {
			isa = PBXGroup;
			children = (
				27CE4FAE1F446E6500FD4166 /* calvi_tableTests.swift */,
				27CE4FB01F446E6500FD4166 /* Info.plist */,
			);
			path = calvi_tableTests;
			sourceTree = "<group>";
		};
		27CE4FB81F446E6500FD4166 /* calvi_tableUITests */ = {
			isa = PBXGroup;
			children = (
				27CE4FB91F446E6500FD4166 /* calvi_tableUITests.swift */,
				27CE4FBB1F446E6500FD4166 /* Info.plist */,
			);
			path = calvi_tableUITests;
			sourceTree = "<group>";
		};
		D69927940FE6F92210467F96 /* Pods */ = {
			isa = PBXGroup;
			children = (
				B4D145397F86DC42279EAE8D /* Pods-calvi_table.debug.xcconfig */,
				313A9D50F2589ACF3DEC092B /* Pods-calvi_table.release.xcconfig */,
				7283B824E944A7A2DFBBD015 /* Pods-calvi_tableTests.debug.xcconfig */,
				03F17A5A5365775649D8ED82 /* Pods-calvi_tableTests.release.xcconfig */,
				0CEAA6F01D92BFA6DC84E21B /* Pods-calvi_tableUITests.debug.xcconfig */,
				7856BDD158E642FCE145A1FC /* Pods-calvi_tableUITests.release.xcconfig */,
			);
			name = Pods;
			sourceTree = "<group>";
		};
		FC235A5C4BB21180C6E1AC70 /* Frameworks */ = {
			isa = PBXGroup;
			children = (
				434FA8A1437E6B6EF6D72651 /* Pods_calvi_table.framework */,
				F38DFB229812779747E3F2D4 /* Pods_calvi_tableTests.framework */,
				D39B57FEB7F83D2075911144 /* Pods_calvi_tableUITests.framework */,
			);
			name = Frameworks;
			sourceTree = "<group>";
		};
/* End PBXGroup section */

/* Begin PBXNativeTarget section */
		27CE4F951F446E6500FD4166 /* calvi_table */ = {
			isa = PBXNativeTarget;
			buildConfigurationList = 27CE4FBE1F446E6500FD4166 /* Build configuration list for PBXNativeTarget "calvi_table" */;
			buildPhases = (
				B778CE734C7D816B84A98957 /* [CP] Check Pods Manifest.lock */,
				27CE4F921F446E6500FD4166 /* Sources */,
				27CE4F931F446E6500FD4166 /* Frameworks */,
				27CE4F941F446E6500FD4166 /* Resources */,
				8BF4CBED8A12031C7B4A162E /* [CP] Embed Pods Frameworks */,
				1F53ACFBAB1686A007319092 /* [CP] Copy Pods Resources */,
			);
			buildRules = (
			);
			dependencies = (
			);
			name = calvi_table;
			productName = calvi_table;
			productReference = 27CE4F961F446E6500FD4166 /* calvi_table.app */;
			productType = "com.apple.product-type.application";
		};
		27CE4FA91F446E6500FD4166 /* calvi_tableTests */ = {
			isa = PBXNativeTarget;
			buildConfigurationList = 27CE4FC11F446E6500FD4166 /* Build configuration list for PBXNativeTarget "calvi_tableTests" */;
			buildPhases = (
				0CF37C3998C3AC0BF3B3BBE8 /* [CP] Check Pods Manifest.lock */,
				27CE4FA61F446E6500FD4166 /* Sources */,
				27CE4FA71F446E6500FD4166 /* Frameworks */,
				27CE4FA81F446E6500FD4166 /* Resources */,
			);
			buildRules = (
			);
			dependencies = (
				27CE4FAC1F446E6500FD4166 /* PBXTargetDependency */,
			);
			name = calvi_tableTests;
			productName = calvi_tableTests;
			productReference = 27CE4FAA1F446E6500FD4166 /* calvi_tableTests.xctest */;
			productType = "com.apple.product-type.bundle.unit-test";
		};
		27CE4FB41F446E6500FD4166 /* calvi_tableUITests */ = {
			isa = PBXNativeTarget;
			buildConfigurationList = 27CE4FC41F446E6500FD4166 /* Build configuration list for PBXNativeTarget "calvi_tableUITests" */;
			buildPhases = (
				149BE6A01AA269D9E13CA023 /* [CP] Check Pods Manifest.lock */,
				27CE4FB11F446E6500FD4166 /* Sources */,
				27CE4FB21F446E6500FD4166 /* Frameworks */,
				27CE4FB31F446E6500FD4166 /* Resources */,
			);
			buildRules = (
			);
			dependencies = (
				27CE4FB71F446E6500FD4166 /* PBXTargetDependency */,
			);
			name = calvi_tableUITests;
			productName = calvi_tableUITests;
			productReference = 27CE4FB51F446E6500FD4166 /* calvi_tableUITests.xctest */;
			productType = "com.apple.product-type.bundle.ui-testing";
		};
/* End PBXNativeTarget section */

/* Begin PBXProject section */
		27CE4F8E1F446E6500FD4166 /* Project object */ = {
			isa = PBXProject;
			attributes = {
				LastSwiftUpdateCheck = 0830;
				LastUpgradeCheck = 0830;
				ORGANIZATIONNAME = "bernd wichura";
				TargetAttributes = {
					27CE4F951F446E6500FD4166 = {
						CreatedOnToolsVersion = 8.3.3;
						DevelopmentTeam = XPVL95Z44H;
						LastSwiftMigration = 0830;
						ProvisioningStyle = Automatic;
						SystemCapabilities = {
							com.apple.BackgroundModes = {
								enabled = 0;
							};
							com.apple.Keychain = {
								enabled = 1;
							};
							com.apple.Push = {
								enabled = 1;
							};
						};
					};
					27CE4FA91F446E6500FD4166 = {
						CreatedOnToolsVersion = 8.3.3;
						DevelopmentTeam = XPVL95Z44H;
						ProvisioningStyle = Automatic;
						TestTargetID = 27CE4F951F446E6500FD4166;
					};
					27CE4FB41F446E6500FD4166 = {
						CreatedOnToolsVersion = 8.3.3;
						DevelopmentTeam = XPVL95Z44H;
						ProvisioningStyle = Automatic;
						TestTargetID = 27CE4F951F446E6500FD4166;
					};
				};
			};
			buildConfigurationList = 27CE4F911F446E6500FD4166 /* Build configuration list for PBXProject "LKS" */;
			compatibilityVersion = "Xcode 3.2";
			developmentRegion = English;
			hasScannedForEncodings = 0;
			knownRegions = (
				English,
				en,
				Base,
				"de-DE",
				de,
			);
			mainGroup = 27CE4F8D1F446E6500FD4166;
			productRefGroup = 27CE4F971F446E6500FD4166 /* Products */;
			projectDirPath = "";
			projectRoot = "";
			targets = (
				27CE4F951F446E6500FD4166 /* calvi_table */,
				27CE4FA91F446E6500FD4166 /* calvi_tableTests */,
				27CE4FB41F446E6500FD4166 /* calvi_tableUITests */,
			);
		};
/* End PBXProject section */

/* Begin PBXResourcesBuildPhase section */
		27CE4F941F446E6500FD4166 /* Resources */ = {
			isa = PBXResourcesBuildPhase;
			buildActionMask = 2147483647;
			files = (
				27930C5C20DCF26F006BC154 /* Localizable.strings in Resources */,
				27CE4FA41F446E6500FD4166 /* LaunchScreen.storyboard in Resources */,
				6C1D9519224C161D001F6729 /* GoogleService-Info.plist in Resources */,
				27CE4FA11F446E6500FD4166 /* Assets.xcassets in Resources */,
				27CE4F9F1F446E6500FD4166 /* Main.storyboard in Resources */,
			);
			runOnlyForDeploymentPostprocessing = 0;
		};
		27CE4FA81F446E6500FD4166 /* Resources */ = {
			isa = PBXResourcesBuildPhase;
			buildActionMask = 2147483647;
			files = (
			);
			runOnlyForDeploymentPostprocessing = 0;
		};
		27CE4FB31F446E6500FD4166 /* Resources */ = {
			isa = PBXResourcesBuildPhase;
			buildActionMask = 2147483647;
			files = (
			);
			runOnlyForDeploymentPostprocessing = 0;
		};
/* End PBXResourcesBuildPhase section */

/* Begin PBXShellScriptBuildPhase section */
		0CF37C3998C3AC0BF3B3BBE8 /* [CP] Check Pods Manifest.lock */ = {
			isa = PBXShellScriptBuildPhase;
			buildActionMask = 2147483647;
			files = (
			);
			inputPaths = (
				"${PODS_PODFILE_DIR_PATH}/Podfile.lock",
				"${PODS_ROOT}/Manifest.lock",
			);
			name = "[CP] Check Pods Manifest.lock";
			outputPaths = (
				"$(DERIVED_FILE_DIR)/Pods-calvi_tableTests-checkManifestLockResult.txt",
			);
			runOnlyForDeploymentPostprocessing = 0;
			shellPath = /bin/sh;
			shellScript = "diff \"${PODS_PODFILE_DIR_PATH}/Podfile.lock\" \"${PODS_ROOT}/Manifest.lock\" > /dev/null\nif [ $? != 0 ] ; then\n    # print error to STDERR\n    echo \"error: The sandbox is not in sync with the Podfile.lock. Run 'pod install' or update your CocoaPods installation.\" >&2\n    exit 1\nfi\n# This output is used by Xcode 'outputs' to avoid re-running this script phase.\necho \"SUCCESS\" > \"${SCRIPT_OUTPUT_FILE_0}\"\n";
			showEnvVarsInLog = 0;
		};
		149BE6A01AA269D9E13CA023 /* [CP] Check Pods Manifest.lock */ = {
			isa = PBXShellScriptBuildPhase;
			buildActionMask = 2147483647;
			files = (
			);
			inputPaths = (
				"${PODS_PODFILE_DIR_PATH}/Podfile.lock",
				"${PODS_ROOT}/Manifest.lock",
			);
			name = "[CP] Check Pods Manifest.lock";
			outputPaths = (
				"$(DERIVED_FILE_DIR)/Pods-calvi_tableUITests-checkManifestLockResult.txt",
			);
			runOnlyForDeploymentPostprocessing = 0;
			shellPath = /bin/sh;
			shellScript = "diff \"${PODS_PODFILE_DIR_PATH}/Podfile.lock\" \"${PODS_ROOT}/Manifest.lock\" > /dev/null\nif [ $? != 0 ] ; then\n    # print error to STDERR\n    echo \"error: The sandbox is not in sync with the Podfile.lock. Run 'pod install' or update your CocoaPods installation.\" >&2\n    exit 1\nfi\n# This output is used by Xcode 'outputs' to avoid re-running this script phase.\necho \"SUCCESS\" > \"${SCRIPT_OUTPUT_FILE_0}\"\n";
			showEnvVarsInLog = 0;
		};
		1F53ACFBAB1686A007319092 /* [CP] Copy Pods Resources */ = {
			isa = PBXShellScriptBuildPhase;
			buildActionMask = 2147483647;
			files = (
			);
			inputFileListPaths = (
			);
			inputPaths = (
				"${SRCROOT}/Pods/Target Support Files/Pods-calvi_table/Pods-calvi_table-resources.sh",
				"${PODS_ROOT}/GoogleAuthUtilities/Frameworks/frameworks/GoogleAuthUtilities.framework/Resources/GTMOAuth2ViewTouch.xib",
				"${PODS_ROOT}/GoogleSignIn/Resources/GoogleSignIn.bundle",
			);
			name = "[CP] Copy Pods Resources";
			outputFileListPaths = (
			);
			outputPaths = (
				"${TARGET_BUILD_DIR}/${UNLOCALIZED_RESOURCES_FOLDER_PATH}/GTMOAuth2ViewTouch.nib",
				"${TARGET_BUILD_DIR}/${UNLOCALIZED_RESOURCES_FOLDER_PATH}/GoogleSignIn.bundle",
			);
			runOnlyForDeploymentPostprocessing = 0;
			shellPath = /bin/sh;
			shellScript = "\"${SRCROOT}/Pods/Target Support Files/Pods-calvi_table/Pods-calvi_table-resources.sh\"\n";
			showEnvVarsInLog = 0;
		};
		8BF4CBED8A12031C7B4A162E /* [CP] Embed Pods Frameworks */ = {
			isa = PBXShellScriptBuildPhase;
			buildActionMask = 2147483647;
			files = (
			);
			inputFileListPaths = (
			);
			inputPaths = (
				"${SRCROOT}/Pods/Target Support Files/Pods-calvi_table/Pods-calvi_table-frameworks.sh",
				"${BUILT_PRODUCTS_DIR}/Alamofire/Alamofire.framework",
				"${BUILT_PRODUCTS_DIR}/Bolts/Bolts.framework",
				"${BUILT_PRODUCTS_DIR}/DownPicker/DownPicker.framework",
				"${BUILT_PRODUCTS_DIR}/EasyTipView/EasyTipView.framework",
				"${BUILT_PRODUCTS_DIR}/FBSDKCoreKit/FBSDKCoreKit.framework",
				"${BUILT_PRODUCTS_DIR}/FBSDKLoginKit/FBSDKLoginKit.framework",
				"${BUILT_PRODUCTS_DIR}/FacebookCore/FacebookCore.framework",
				"${BUILT_PRODUCTS_DIR}/FacebookLogin/FacebookLogin.framework",
				"${BUILT_PRODUCTS_DIR}/GoogleToolboxForMac/GoogleToolboxForMac.framework",
				"${BUILT_PRODUCTS_DIR}/IQKeyboardManagerSwift/IQKeyboardManagerSwift.framework",
				"${BUILT_PRODUCTS_DIR}/JSQMessagesViewController/JSQMessagesViewController.framework",
				"${BUILT_PRODUCTS_DIR}/JSQSystemSoundPlayer/JSQSystemSoundPlayer.framework",
				"${BUILT_PRODUCTS_DIR}/PromiseKit/PromiseKit.framework",
				"${BUILT_PRODUCTS_DIR}/Protobuf/Protobuf.framework",
				"${BUILT_PRODUCTS_DIR}/RxCocoa/RxCocoa.framework",
				"${BUILT_PRODUCTS_DIR}/RxSwift/RxSwift.framework",
				"${BUILT_PRODUCTS_DIR}/SDWebImage/SDWebImage.framework",
				"${BUILT_PRODUCTS_DIR}/SVProgressHUD/SVProgressHUD.framework",
				"${BUILT_PRODUCTS_DIR}/SwiftyJSON/SwiftyJSON.framework",
				"${BUILT_PRODUCTS_DIR}/nanopb/nanopb.framework",
			);
			name = "[CP] Embed Pods Frameworks";
			outputFileListPaths = (
			);
			outputPaths = (
				"${TARGET_BUILD_DIR}/${FRAMEWORKS_FOLDER_PATH}/Alamofire.framework",
				"${TARGET_BUILD_DIR}/${FRAMEWORKS_FOLDER_PATH}/Bolts.framework",
				"${TARGET_BUILD_DIR}/${FRAMEWORKS_FOLDER_PATH}/DownPicker.framework",
				"${TARGET_BUILD_DIR}/${FRAMEWORKS_FOLDER_PATH}/EasyTipView.framework",
				"${TARGET_BUILD_DIR}/${FRAMEWORKS_FOLDER_PATH}/FBSDKCoreKit.framework",
				"${TARGET_BUILD_DIR}/${FRAMEWORKS_FOLDER_PATH}/FBSDKLoginKit.framework",
				"${TARGET_BUILD_DIR}/${FRAMEWORKS_FOLDER_PATH}/FacebookCore.framework",
				"${TARGET_BUILD_DIR}/${FRAMEWORKS_FOLDER_PATH}/FacebookLogin.framework",
				"${TARGET_BUILD_DIR}/${FRAMEWORKS_FOLDER_PATH}/GoogleToolboxForMac.framework",
				"${TARGET_BUILD_DIR}/${FRAMEWORKS_FOLDER_PATH}/IQKeyboardManagerSwift.framework",
				"${TARGET_BUILD_DIR}/${FRAMEWORKS_FOLDER_PATH}/JSQMessagesViewController.framework",
				"${TARGET_BUILD_DIR}/${FRAMEWORKS_FOLDER_PATH}/JSQSystemSoundPlayer.framework",
				"${TARGET_BUILD_DIR}/${FRAMEWORKS_FOLDER_PATH}/PromiseKit.framework",
				"${TARGET_BUILD_DIR}/${FRAMEWORKS_FOLDER_PATH}/Protobuf.framework",
				"${TARGET_BUILD_DIR}/${FRAMEWORKS_FOLDER_PATH}/RxCocoa.framework",
				"${TARGET_BUILD_DIR}/${FRAMEWORKS_FOLDER_PATH}/RxSwift.framework",
				"${TARGET_BUILD_DIR}/${FRAMEWORKS_FOLDER_PATH}/SDWebImage.framework",
				"${TARGET_BUILD_DIR}/${FRAMEWORKS_FOLDER_PATH}/SVProgressHUD.framework",
				"${TARGET_BUILD_DIR}/${FRAMEWORKS_FOLDER_PATH}/SwiftyJSON.framework",
				"${TARGET_BUILD_DIR}/${FRAMEWORKS_FOLDER_PATH}/nanopb.framework",
			);
			runOnlyForDeploymentPostprocessing = 0;
			shellPath = /bin/sh;
			shellScript = "\"${SRCROOT}/Pods/Target Support Files/Pods-calvi_table/Pods-calvi_table-frameworks.sh\"\n";
			showEnvVarsInLog = 0;
		};
		B778CE734C7D816B84A98957 /* [CP] Check Pods Manifest.lock */ = {
			isa = PBXShellScriptBuildPhase;
			buildActionMask = 2147483647;
			files = (
			);
			inputPaths = (
				"${PODS_PODFILE_DIR_PATH}/Podfile.lock",
				"${PODS_ROOT}/Manifest.lock",
			);
			name = "[CP] Check Pods Manifest.lock";
			outputPaths = (
				"$(DERIVED_FILE_DIR)/Pods-calvi_table-checkManifestLockResult.txt",
			);
			runOnlyForDeploymentPostprocessing = 0;
			shellPath = /bin/sh;
			shellScript = "diff \"${PODS_PODFILE_DIR_PATH}/Podfile.lock\" \"${PODS_ROOT}/Manifest.lock\" > /dev/null\nif [ $? != 0 ] ; then\n    # print error to STDERR\n    echo \"error: The sandbox is not in sync with the Podfile.lock. Run 'pod install' or update your CocoaPods installation.\" >&2\n    exit 1\nfi\n# This output is used by Xcode 'outputs' to avoid re-running this script phase.\necho \"SUCCESS\" > \"${SCRIPT_OUTPUT_FILE_0}\"\n";
			showEnvVarsInLog = 0;
		};
/* End PBXShellScriptBuildPhase section */

/* Begin PBXSourcesBuildPhase section */
		27CE4F921F446E6500FD4166 /* Sources */ = {
			isa = PBXSourcesBuildPhase;
			buildActionMask = 2147483647;
			files = (
				2711D3952177BA9F00A4416D /* UITableView+setEmptyMessage.swift in Sources */,
				27332D0C212DFB78009C22C0 /* DeviceHelper.swift in Sources */,
				27FE13141F46FF110073C0E9 /* Ad.swift in Sources */,
				2770EEA021A56E8E0023667A /* Searches.swift in Sources */,
				27FF9BD5201B33CE00D50983 /* Constants.swift in Sources */,
				27FE13121F46FC5E0073C0E9 /* AdCell.swift in Sources */,
				27FE13161F47122F0073C0E9 /* DetailViewController.swift in Sources */,
				27CE4F9C1F446E6500FD4166 /* ViewController.swift in Sources */,
				2748C4BA1F7455C00009CDCB /* MessageCell.swift in Sources */,
				2770EEA221A570410023667A /* SearchCell.swift in Sources */,
				2714E502215ABFB8006A576B /* HomeViewController.swift in Sources */,
				2711D3972177BE2900A4416D /* DataProtectionViewController.swift in Sources */,
				27CE4F9A1F446E6500FD4166 /* AppDelegate.swift in Sources */,
				270EE7D521B834BB00B48D22 /* _preparation.swift in Sources */,
				2714E504215AD06E006A576B /* ImpressumViewController.swift in Sources */,
				274DA6501F8FDE2B001DD34F /* Utils.swift in Sources */,
				270A36401FB35D8A00F5026A /* UITextViewPlaceholder.swift in Sources */,
				2748C4B51F744A620009CDCB /* MessageOverview.swift in Sources */,
				2714E500215974DA006A576B /* RoundImageView.swift in Sources */,
				271DF0B61FA34D4B0048580D /* Urls.swift in Sources */,
				270C74A521961AD900866CD0 /* SearchesController.swift in Sources */,
				279F0C771F7943BA004E2525 /* ChatViewController.swift in Sources */,
				270C74A12194C80000866CD0 /* Extensions+UIView.swift in Sources */,
				2714E4FE21595531006A576B /* AppColors.swift in Sources */,
				27F5C3671F73F44D002B8AB8 /* MessageController.swift in Sources */,
				273E6E111F671F0D0036A445 /* LoginController.swift in Sources */,
				27454F5F1F824F1B008AA35A /* NewAdViewController.swift in Sources */,
				270D655521D013A00076E846 /* FollowSearchViewController.swift in Sources */,
				2727CA71211C48DC0075985D /* ArticlePresenter.swift in Sources */,
				27EF133D20E139B500ADE593 /* Coordinate.swift in Sources */,
				279F0C791F7D2F1D004E2525 /* Message.swift in Sources */,
			);
			runOnlyForDeploymentPostprocessing = 0;
		};
		27CE4FA61F446E6500FD4166 /* Sources */ = {
			isa = PBXSourcesBuildPhase;
			buildActionMask = 2147483647;
			files = (
				27CE4FAF1F446E6500FD4166 /* calvi_tableTests.swift in Sources */,
			);
			runOnlyForDeploymentPostprocessing = 0;
		};
		27CE4FB11F446E6500FD4166 /* Sources */ = {
			isa = PBXSourcesBuildPhase;
			buildActionMask = 2147483647;
			files = (
				27CE4FBA1F446E6500FD4166 /* calvi_tableUITests.swift in Sources */,
			);
			runOnlyForDeploymentPostprocessing = 0;
		};
/* End PBXSourcesBuildPhase section */

/* Begin PBXTargetDependency section */
		27CE4FAC1F446E6500FD4166 /* PBXTargetDependency */ = {
			isa = PBXTargetDependency;
			target = 27CE4F951F446E6500FD4166 /* calvi_table */;
			targetProxy = 27CE4FAB1F446E6500FD4166 /* PBXContainerItemProxy */;
		};
		27CE4FB71F446E6500FD4166 /* PBXTargetDependency */ = {
			isa = PBXTargetDependency;
			target = 27CE4F951F446E6500FD4166 /* calvi_table */;
			targetProxy = 27CE4FB61F446E6500FD4166 /* PBXContainerItemProxy */;
		};
/* End PBXTargetDependency section */

/* Begin PBXVariantGroup section */
		27930C5A20DCF26F006BC154 /* Localizable.strings */ = {
			isa = PBXVariantGroup;
			children = (
				27930C5B20DCF26F006BC154 /* en */,
				27930C5F20DCFDE3006BC154 /* de-DE */,
			);
			name = Localizable.strings;
			sourceTree = "<group>";
		};
		27CE4F9D1F446E6500FD4166 /* Main.storyboard */ = {
			isa = PBXVariantGroup;
			children = (
				27CE4F9E1F446E6500FD4166 /* Base */,
				2705B6C720B36440004B36E9 /* en */,
				2705B6C820B36550004B36E9 /* de */,
				27930C5D20DCFDDF006BC154 /* de-DE */,
			);
			name = Main.storyboard;
			sourceTree = "<group>";
		};
		27CE4FA21F446E6500FD4166 /* LaunchScreen.storyboard */ = {
			isa = PBXVariantGroup;
			children = (
				27CE4FA31F446E6500FD4166 /* Base */,
				2705B6C920B36551004B36E9 /* de */,
				27930C5E20DCFDE1006BC154 /* de-DE */,
			);
			name = LaunchScreen.storyboard;
			sourceTree = "<group>";
		};
/* End PBXVariantGroup section */

/* Begin XCBuildConfiguration section */
		27CE4FBC1F446E6500FD4166 /* Debug */ = {
			isa = XCBuildConfiguration;
			buildSettings = {
				ALWAYS_SEARCH_USER_PATHS = NO;
				CLANG_ANALYZER_LOCALIZABILITY_NONLOCALIZED = YES;
				CLANG_ANALYZER_NONNULL = YES;
				CLANG_ANALYZER_NUMBER_OBJECT_CONVERSION = YES_AGGRESSIVE;
				CLANG_CXX_LANGUAGE_STANDARD = "gnu++0x";
				CLANG_CXX_LIBRARY = "libc++";
				CLANG_ENABLE_MODULES = YES;
				CLANG_ENABLE_OBJC_ARC = YES;
				CLANG_WARN_BOOL_CONVERSION = YES;
				CLANG_WARN_CONSTANT_CONVERSION = YES;
				CLANG_WARN_DIRECT_OBJC_ISA_USAGE = YES_ERROR;
				CLANG_WARN_DOCUMENTATION_COMMENTS = YES;
				CLANG_WARN_EMPTY_BODY = YES;
				CLANG_WARN_ENUM_CONVERSION = YES;
				CLANG_WARN_INFINITE_RECURSION = YES;
				CLANG_WARN_INT_CONVERSION = YES;
				CLANG_WARN_OBJC_ROOT_CLASS = YES_ERROR;
				CLANG_WARN_SUSPICIOUS_MOVE = YES;
				CLANG_WARN_UNREACHABLE_CODE = YES;
				CLANG_WARN__DUPLICATE_METHOD_MATCH = YES;
				"CODE_SIGN_IDENTITY[sdk=iphoneos*]" = "iPhone Developer";
				COPY_PHASE_STRIP = NO;
				DEBUG_INFORMATION_FORMAT = dwarf;
				ENABLE_STRICT_OBJC_MSGSEND = YES;
				ENABLE_TESTABILITY = YES;
				GCC_C_LANGUAGE_STANDARD = gnu99;
				GCC_DYNAMIC_NO_PIC = NO;
				GCC_NO_COMMON_BLOCKS = YES;
				GCC_OPTIMIZATION_LEVEL = 0;
				GCC_PREPROCESSOR_DEFINITIONS = (
					"DEBUG=1",
					"$(inherited)",
				);
				GCC_WARN_64_TO_32_BIT_CONVERSION = YES;
				GCC_WARN_ABOUT_RETURN_TYPE = YES_ERROR;
				GCC_WARN_UNDECLARED_SELECTOR = YES;
				GCC_WARN_UNINITIALIZED_AUTOS = YES_AGGRESSIVE;
				GCC_WARN_UNUSED_FUNCTION = YES;
				GCC_WARN_UNUSED_VARIABLE = YES;
				IPHONEOS_DEPLOYMENT_TARGET = 12.1;
				MTL_ENABLE_DEBUG_INFO = YES;
				ONLY_ACTIVE_ARCH = YES;
				SDKROOT = iphoneos;
				SWIFT_ACTIVE_COMPILATION_CONDITIONS = DEBUG;
				SWIFT_OPTIMIZATION_LEVEL = "-Onone";
				TARGETED_DEVICE_FAMILY = "1,2";
			};
			name = Debug;
		};
		27CE4FBD1F446E6500FD4166 /* Release */ = {
			isa = XCBuildConfiguration;
			buildSettings = {
				ALWAYS_SEARCH_USER_PATHS = NO;
				CLANG_ANALYZER_LOCALIZABILITY_NONLOCALIZED = YES;
				CLANG_ANALYZER_NONNULL = YES;
				CLANG_ANALYZER_NUMBER_OBJECT_CONVERSION = YES_AGGRESSIVE;
				CLANG_CXX_LANGUAGE_STANDARD = "gnu++0x";
				CLANG_CXX_LIBRARY = "libc++";
				CLANG_ENABLE_MODULES = YES;
				CLANG_ENABLE_OBJC_ARC = YES;
				CLANG_WARN_BOOL_CONVERSION = YES;
				CLANG_WARN_CONSTANT_CONVERSION = YES;
				CLANG_WARN_DIRECT_OBJC_ISA_USAGE = YES_ERROR;
				CLANG_WARN_DOCUMENTATION_COMMENTS = YES;
				CLANG_WARN_EMPTY_BODY = YES;
				CLANG_WARN_ENUM_CONVERSION = YES;
				CLANG_WARN_INFINITE_RECURSION = YES;
				CLANG_WARN_INT_CONVERSION = YES;
				CLANG_WARN_OBJC_ROOT_CLASS = YES_ERROR;
				CLANG_WARN_SUSPICIOUS_MOVE = YES;
				CLANG_WARN_UNREACHABLE_CODE = YES;
				CLANG_WARN__DUPLICATE_METHOD_MATCH = YES;
				"CODE_SIGN_IDENTITY[sdk=iphoneos*]" = "iPhone Developer";
				COPY_PHASE_STRIP = NO;
				DEBUG_INFORMATION_FORMAT = "dwarf-with-dsym";
				ENABLE_NS_ASSERTIONS = NO;
				ENABLE_STRICT_OBJC_MSGSEND = YES;
				GCC_C_LANGUAGE_STANDARD = gnu99;
				GCC_NO_COMMON_BLOCKS = YES;
				GCC_WARN_64_TO_32_BIT_CONVERSION = YES;
				GCC_WARN_ABOUT_RETURN_TYPE = YES_ERROR;
				GCC_WARN_UNDECLARED_SELECTOR = YES;
				GCC_WARN_UNINITIALIZED_AUTOS = YES_AGGRESSIVE;
				GCC_WARN_UNUSED_FUNCTION = YES;
				GCC_WARN_UNUSED_VARIABLE = YES;
				IPHONEOS_DEPLOYMENT_TARGET = 12.1;
				MTL_ENABLE_DEBUG_INFO = NO;
				SDKROOT = iphoneos;
				SWIFT_OPTIMIZATION_LEVEL = "-Owholemodule";
				TARGETED_DEVICE_FAMILY = "1,2";
				VALIDATE_PRODUCT = YES;
			};
			name = Release;
		};
		27CE4FBF1F446E6500FD4166 /* Debug */ = {
			isa = XCBuildConfiguration;
			baseConfigurationReference = B4D145397F86DC42279EAE8D /* Pods-calvi_table.debug.xcconfig */;
			buildSettings = {
				ASSETCATALOG_COMPILER_APPICON_NAME = AppIcon;
				CLANG_ENABLE_MODULES = YES;
				CODE_SIGN_ENTITLEMENTS = calvi_table/calvi_table.entitlements;
				DEVELOPMENT_TEAM = XPVL95Z44H;
				INFOPLIST_FILE = calvi_table/Info.plist;
				IPHONEOS_DEPLOYMENT_TARGET = 12.1;
				LD_RUNPATH_SEARCH_PATHS = "$(inherited) @executable_path/Frameworks";
				PRODUCT_BUNDLE_IDENTIFIER = de.wichura.lks;
				PRODUCT_NAME = "$(TARGET_NAME)";
				SWIFT_OBJC_BRIDGING_HEADER = "calvi_table/calvi_table-Bridging-Header.h";
				SWIFT_OPTIMIZATION_LEVEL = "-Onone";
				SWIFT_VERSION = 3.0;
			};
			name = Debug;
		};
		27CE4FC01F446E6500FD4166 /* Release */ = {
			isa = XCBuildConfiguration;
			baseConfigurationReference = 313A9D50F2589ACF3DEC092B /* Pods-calvi_table.release.xcconfig */;
			buildSettings = {
				ASSETCATALOG_COMPILER_APPICON_NAME = AppIcon;
				CLANG_ENABLE_MODULES = YES;
				CODE_SIGN_ENTITLEMENTS = calvi_table/calvi_table.entitlements;
				DEVELOPMENT_TEAM = XPVL95Z44H;
				INFOPLIST_FILE = calvi_table/Info.plist;
				IPHONEOS_DEPLOYMENT_TARGET = 12.1;
				LD_RUNPATH_SEARCH_PATHS = "$(inherited) @executable_path/Frameworks";
				PRODUCT_BUNDLE_IDENTIFIER = de.wichura.lks;
				PRODUCT_NAME = "$(TARGET_NAME)";
				SWIFT_OBJC_BRIDGING_HEADER = "calvi_table/calvi_table-Bridging-Header.h";
				SWIFT_VERSION = 3.0;
			};
			name = Release;
		};
		27CE4FC21F446E6500FD4166 /* Debug */ = {
			isa = XCBuildConfiguration;
			baseConfigurationReference = 7283B824E944A7A2DFBBD015 /* Pods-calvi_tableTests.debug.xcconfig */;
			buildSettings = {
				ALWAYS_EMBED_SWIFT_STANDARD_LIBRARIES = YES;
				BUNDLE_LOADER = "$(TEST_HOST)";
				DEVELOPMENT_TEAM = XPVL95Z44H;
				INFOPLIST_FILE = calvi_tableTests/Info.plist;
				LD_RUNPATH_SEARCH_PATHS = "$(inherited) @executable_path/Frameworks @loader_path/Frameworks";
				PRODUCT_BUNDLE_IDENTIFIER = "de.wichura.calvi-tableTests";
				PRODUCT_NAME = "$(TARGET_NAME)";
				SWIFT_VERSION = 3.0;
				TEST_HOST = "$(BUILT_PRODUCTS_DIR)/calvi_table.app/calvi_table";
			};
			name = Debug;
		};
		27CE4FC31F446E6500FD4166 /* Release */ = {
			isa = XCBuildConfiguration;
			baseConfigurationReference = 03F17A5A5365775649D8ED82 /* Pods-calvi_tableTests.release.xcconfig */;
			buildSettings = {
				ALWAYS_EMBED_SWIFT_STANDARD_LIBRARIES = YES;
				BUNDLE_LOADER = "$(TEST_HOST)";
				DEVELOPMENT_TEAM = XPVL95Z44H;
				INFOPLIST_FILE = calvi_tableTests/Info.plist;
				LD_RUNPATH_SEARCH_PATHS = "$(inherited) @executable_path/Frameworks @loader_path/Frameworks";
				PRODUCT_BUNDLE_IDENTIFIER = "de.wichura.calvi-tableTests";
				PRODUCT_NAME = "$(TARGET_NAME)";
				SWIFT_VERSION = 3.0;
				TEST_HOST = "$(BUILT_PRODUCTS_DIR)/calvi_table.app/calvi_table";
			};
			name = Release;
		};
		27CE4FC51F446E6500FD4166 /* Debug */ = {
			isa = XCBuildConfiguration;
			baseConfigurationReference = 0CEAA6F01D92BFA6DC84E21B /* Pods-calvi_tableUITests.debug.xcconfig */;
			buildSettings = {
				ALWAYS_EMBED_SWIFT_STANDARD_LIBRARIES = YES;
				DEVELOPMENT_TEAM = XPVL95Z44H;
				INFOPLIST_FILE = calvi_tableUITests/Info.plist;
				LD_RUNPATH_SEARCH_PATHS = "$(inherited) @executable_path/Frameworks @loader_path/Frameworks";
				PRODUCT_BUNDLE_IDENTIFIER = "de.wichura.calvi-tableUITests";
				PRODUCT_NAME = "$(TARGET_NAME)";
				SWIFT_VERSION = 3.0;
				TEST_TARGET_NAME = calvi_table;
			};
			name = Debug;
		};
		27CE4FC61F446E6500FD4166 /* Release */ = {
			isa = XCBuildConfiguration;
			baseConfigurationReference = 7856BDD158E642FCE145A1FC /* Pods-calvi_tableUITests.release.xcconfig */;
			buildSettings = {
				ALWAYS_EMBED_SWIFT_STANDARD_LIBRARIES = YES;
				DEVELOPMENT_TEAM = XPVL95Z44H;
				INFOPLIST_FILE = calvi_tableUITests/Info.plist;
				LD_RUNPATH_SEARCH_PATHS = "$(inherited) @executable_path/Frameworks @loader_path/Frameworks";
				PRODUCT_BUNDLE_IDENTIFIER = "de.wichura.calvi-tableUITests";
				PRODUCT_NAME = "$(TARGET_NAME)";
				SWIFT_VERSION = 3.0;
				TEST_TARGET_NAME = calvi_table;
			};
			name = Release;
		};
/* End XCBuildConfiguration section */

/* Begin XCConfigurationList section */
		27CE4F911F446E6500FD4166 /* Build configuration list for PBXProject "LKS" */ = {
			isa = XCConfigurationList;
			buildConfigurations = (
				27CE4FBC1F446E6500FD4166 /* Debug */,
				27CE4FBD1F446E6500FD4166 /* Release */,
			);
			defaultConfigurationIsVisible = 0;
			defaultConfigurationName = Release;
		};
		27CE4FBE1F446E6500FD4166 /* Build configuration list for PBXNativeTarget "calvi_table" */ = {
			isa = XCConfigurationList;
			buildConfigurations = (
				27CE4FBF1F446E6500FD4166 /* Debug */,
				27CE4FC01F446E6500FD4166 /* Release */,
			);
			defaultConfigurationIsVisible = 0;
			defaultConfigurationName = Release;
		};
		27CE4FC11F446E6500FD4166 /* Build configuration list for PBXNativeTarget "calvi_tableTests" */ = {
			isa = XCConfigurationList;
			buildConfigurations = (
				27CE4FC21F446E6500FD4166 /* Debug */,
				27CE4FC31F446E6500FD4166 /* Release */,
			);
			defaultConfigurationIsVisible = 0;
			defaultConfigurationName = Release;
		};
		27CE4FC41F446E6500FD4166 /* Build configuration list for PBXNativeTarget "calvi_tableUITests" */ = {
			isa = XCConfigurationList;
			buildConfigurations = (
				27CE4FC51F446E6500FD4166 /* Debug */,
				27CE4FC61F446E6500FD4166 /* Release */,
			);
			defaultConfigurationIsVisible = 0;
			defaultConfigurationName = Release;
		};
/* End XCConfigurationList section */
	};
	rootObject = 27CE4F8E1F446E6500FD4166 /* Project object */;
}
